
Microsoft Visual Studio Solution File, Format Version 12.00
# Visual Studio Version 17
VisualStudioVersion = 17.7.34024.191
MinimumVisualStudioVersion = 10.0.40219.1
Project("{FAE04EC0-301F-11D3-BF4B-00C04F79EFBC}") = "CS Project", "CS Project\CS Project.csproj", "{502AB6C3-CDA2-408F-905F-3B135517281E}"
EndProject
Global
	GlobalSection(SolutionConfigurationPlatforms) = preSolution
		Debug|Any CPU = Debug|Any CPU
		Release|Any CPU = Release|Any CPU
	EndGlobalSection
	GlobalSection(ProjectConfigurationPlatforms) = postSolution
		{502AB6C3-CDA2-408F-905F-3B135517281E}.Debug|Any CPU.ActiveCfg = Debug|Any CPU
		{502AB6C3-CDA2-408F-905F-3B135517281E}.Debug|Any CPU.Build.0 = Debug|Any CPU
		{502AB6C3-CDA2-408F-905F-3B135517281E}.Release|Any CPU.ActiveCfg = Release|Any CPU
		{502AB6C3-CDA2-408F-905F-3B135517281E}.Release|Any CPU.Build.0 = Release|Any CPU
	EndGlobalSection
	GlobalSection(SolutionProperties) = preSolution
		HideSolutionNode = FALSE
	EndGlobalSection
	GlobalSection(ExtensibilityGlobals) = postSolution
		SolutionGuid = {DD7AA719-6659-49BC-B46A-9731D91EEFCB}
	EndGlobalSection
EndGlobal
